// !$*UTF8*$!
{
	archiveVersion = 1;
	classes = {
	};
	objectVersion = 56;
	objects = {

/* Begin PBXBuildFile section */
		FA36DA9C2954DABF00A0A954 /* AppDelegate.swift in Sources */ = {isa = PBXBuildFile; fileRef = FA36DA9B2954DABF00A0A954 /* AppDelegate.swift */; };
		FA36DA9E2954DABF00A0A954 /* SceneDelegate.swift in Sources */ = {isa = PBXBuildFile; fileRef = FA36DA9D2954DABF00A0A954 /* SceneDelegate.swift */; };
		FA36DAA02954DABF00A0A954 /* ViewController.swift in Sources */ = {isa = PBXBuildFile; fileRef = FA36DA9F2954DABF00A0A954 /* ViewController.swift */; };
		FA36DAA32954DABF00A0A954 /* Main.storyboard in Resources */ = {isa = PBXBuildFile; fileRef = FA36DAA12954DABF00A0A954 /* Main.storyboard */; };
		FA36DAA62954DABF00A0A954 /* Jogo_da_Velha.xcdatamodeld in Sources */ = {isa = PBXBuildFile; fileRef = FA36DAA42954DABF00A0A954 /* Jogo_da_Velha.xcdatamodeld */; };
		FA36DAA82954DAC200A0A954 /* Assets.xcassets in Resources */ = {isa = PBXBuildFile; fileRef = FA36DAA72954DAC200A0A954 /* Assets.xcassets */; };
		FA36DAAB2954DAC200A0A954 /* LaunchScreen.storyboard in Resources */ = {isa = PBXBuildFile; fileRef = FA36DAA92954DAC200A0A954 /* LaunchScreen.storyboard */; };
/* End PBXBuildFile section */

/* Begin PBXFileReference section */
		FA36DA982954DABF00A0A954 /* Jogo da Velha.app */ = {isa = PBXFileReference; explicitFileType = wrapper.application; includeInIndex = 0; path = "Jogo da Velha.app"; sourceTree = BUILT_PRODUCTS_DIR; };
		FA36DA9B2954DABF00A0A954 /* AppDelegate.swift */ = {isa = PBXFileReference; lastKnownFileType = sourcecode.swift; path = AppDelegate.swift; sourceTree = "<group>"; };
		FA36DA9D2954DABF00A0A954 /* SceneDelegate.swift */ = {isa = PBXFileReference; lastKnownFileType = sourcecode.swift; path = SceneDelegate.swift; sourceTree = "<group>"; };
		FA36DA9F2954DABF00A0A954 /* ViewController.swift */ = {isa = PBXFileReference; lastKnownFileType = sourcecode.swift; path = ViewController.swift; sourceTree = "<group>"; };
		FA36DAA22954DABF00A0A954 /* Base */ = {isa = PBXFileReference; lastKnownFileType = file.storyboard; name = Base; path = Base.lproj/Main.storyboard; sourceTree = "<group>"; };
		FA36DAA52954DABF00A0A954 /* Jogo_da_Velha.xcdatamodel */ = {isa = PBXFileReference; lastKnownFileType = wrapper.xcdatamodel; path = Jogo_da_Velha.xcdatamodel; sourceTree = "<group>"; };
		FA36DAA72954DAC200A0A954 /* Assets.xcassets */ = {isa = PBXFileReference; lastKnownFileType = folder.assetcatalog; path = Assets.xcassets; sourceTree = "<group>"; };
		FA36DAAA2954DAC200A0A954 /* Base */ = {isa = PBXFileReference; lastKnownFileType = file.storyboard; name = Base; path = Base.lproj/LaunchScreen.storyboard; sourceTree = "<group>"; };
		FA36DAAC2954DAC200A0A954 /* Info.plist */ = {isa = PBXFileReference; lastKnownFileType = text.plist.xml; path = Info.plist; sourceTree = "<group>"; };
/* End PBXFileReference section */

/* Begin PBXFrameworksBuildPhase section */
		FA36DA952954DABF00A0A954 /* Frameworks */ = {
			isa = PBXFrameworksBuildPhase;
			buildActionMask = 2147483647;
			files = (
			);
			runOnlyForDeploymentPostprocessing = 0;
		};
/* End PBXFrameworksBuildPhase section */

/* Begin PBXGroup section */
		FA36DA8F2954DABF00A0A954 = {
			isa = PBXGroup;
			children = (
				FA36DA9A2954DABF00A0A954 /* Jogo da Velha */,
				FA36DA992954DABF00A0A954 /* Products */,
			);
			sourceTree = "<group>";
		};
		FA36DA992954DABF00A0A954 /* Products */ = {
			isa = PBXGroup;
			children = (
				FA36DA982954DABF00A0A954 /* Jogo da Velha.app */,
			);
			name = Products;
			sourceTree = "<group>";
		};
		FA36DA9A2954DABF00A0A954 /* Jogo da Velha */ = {
			isa = PBXGroup;
			children = (
				FA36DA9B2954DABF00A0A954 /* AppDelegate.swift */,
				FA36DA9D2954DABF00A0A954 /* SceneDelegate.swift */,
				FA36DA9F2954DABF00A0A954 /* ViewController.swift */,
				FA36DAA12954DABF00A0A954 /* Main.storyboard */,
				FA36DAA72954DAC200A0A954 /* Assets.xcassets */,
				FA36DAA92954DAC200A0A954 /* LaunchScreen.storyboard */,
				FA36DAAC2954DAC200A0A954 /* Info.plist */,
				FA36DAA42954DABF00A0A954 /* Jogo_da_Velha.xcdatamodeld */,
			);
			path = "Jogo da Velha";
			sourceTree = "<group>";
		};
/* End PBXGroup section */

/* Begin PBXNativeTarget section */
		FA36DA972954DABF00A0A954 /* Jogo da Velha */ = {
			isa = PBXNativeTarget;
			buildConfigurationList = FA36DAAF2954DAC200A0A954 /* Build configuration list for PBXNativeTarget "Jogo da Velha" */;
			buildPhases = (
				FA36DA942954DABF00A0A954 /* Sources */,
				FA36DA952954DABF00A0A954 /* Frameworks */,
				FA36DA962954DABF00A0A954 /* Resources */,
			);
			buildRules = (
			);
			dependencies = (
			);
			name = "Jogo da Velha";
			productName = "Jogo da Velha";
			productReference = FA36DA982954DABF00A0A954 /* Jogo da Velha.app */;
			productType = "com.apple.product-type.application";
		};
/* End PBXNativeTarget section */

/* Begin PBXProject section */
		FA36DA902954DABF00A0A954 /* Project object */ = {
			isa = PBXProject;
			attributes = {
				BuildIndependentTargetsInParallel = 1;
				LastSwiftUpdateCheck = 1420;
				LastUpgradeCheck = 1420;
				TargetAttributes = {
					FA36DA972954DABF00A0A954 = {
						CreatedOnToolsVersion = 14.2;
					};
				};
			};
			buildConfigurationList = FA36DA932954DABF00A0A954 /* Build configuration list for PBXProject "Jogo da Velha" */;
			compatibilityVersion = "Xcode 14.0";
			developmentRegion = en;
			hasScannedForEncodings = 0;
			knownRegions = (
				en,
				Base,
			);
			mainGroup = FA36DA8F2954DABF00A0A954;
			productRefGroup = FA36DA992954DABF00A0A954 /* Products */;
			projectDirPath = "";
			projectRoot = "";
			targets = (
				FA36DA972954DABF00A0A954 /* Jogo da Velha */,
			);
		};
/* End PBXProject section */

/* Begin PBXResourcesBuildPhase section */
		FA36DA962954DABF00A0A954 /* Resources */ = {
			isa = PBXResourcesBuildPhase;
			buildActionMask = 2147483647;
			files = (
				FA36DAAB2954DAC200A0A954 /* LaunchScreen.storyboard in Resources */,
				FA36DAA82954DAC200A0A954 /* Assets.xcassets in Resources */,
				FA36DAA32954DABF00A0A954 /* Main.storyboard in Resources */,
			);
			runOnlyForDeploymentPostprocessing = 0;
		};
/* End PBXResourcesBuildPhase section */

/* Begin PBXSourcesBuildPhase section */
		FA36DA942954DABF00A0A954 /* Sources */ = {
			isa = PBXSourcesBuildPhase;
			buildActionMask = 2147483647;
			files = (
				FA36DAA62954DABF00A0A954 /* Jogo_da_Velha.xcdatamodeld in Sources */,
				FA36DAA02954DABF00A0A954 /* ViewController.swift in Sources */,
				FA36DA9C2954DABF00A0A954 /* AppDelegate.swift in Sources */,
				FA36DA9E2954DABF00A0A954 /* SceneDelegate.swift in Sources */,
			);
			runOnlyForDeploymentPostprocessing = 0;
		};
/* End PBXSourcesBuildPhase section */

/* Begin PBXVariantGroup section */
		FA36DAA12954DABF00A0A954 /* Main.storyboard */ = {
			isa = PBXVariantGroup;
			children = (
				FA36DAA22954DABF00A0A954 /* Base */,
			);
			name = Main.storyboard;
			sourceTree = "<group>";
		};
		FA36DAA92954DAC200A0A954 /* LaunchScreen.storyboard */ = {
			isa = PBXVariantGroup;
			children = (
				FA36DAAA2954DAC200A0A954 /* Base */,
			);
			name = LaunchScreen.storyboard;
			sourceTree = "<group>";
		};
/* End PBXVariantGroup section */

/* Begin XCBuildConfiguration section */
		FA36DAAD2954DAC200A0A954 /* Debug */ = {
			isa = XCBuildConfiguration;
			buildSettings = {
				ALWAYS_SEARCH_USER_PATHS = NO;
				CLANG_ANALYZER_NONNULL = YES;
				CLANG_ANALYZER_NUMBER_OBJECT_CONVERSION = YES_AGGRESSIVE;
				CLANG_CXX_LANGUAGE_STANDARD = "gnu++20";
				CLANG_ENABLE_MODULES = YES;
				CLANG_ENABLE_OBJC_ARC = YES;
				CLANG_ENABLE_OBJC_WEAK = YES;
				CLANG_WARN_BLOCK_CAPTURE_AUTORELEASING = YES;
				CLANG_WARN_BOOL_CONVERSION = YES;
				CLANG_WARN_COMMA = YES;
				CLANG_WARN_CONSTANT_CONVERSION = YES;
				CLANG_WARN_DEPRECATED_OBJC_IMPLEMENTATIONS = YES;
				CLANG_WARN_DIRECT_OBJC_ISA_USAGE = YES_ERROR;
				CLANG_WARN_DOCUMENTATION_COMMENTS = YES;
				CLANG_WARN_EMPTY_BODY = YES;
				CLANG_WARN_ENUM_CONVERSION = YES;
				CLANG_WARN_INFINITE_RECURSION = YES;
				CLANG_WARN_INT_CONVERSION = YES;
				CLANG_WARN_NON_LITERAL_NULL_CONVERSION = YES;
				CLANG_WARN_OBJC_IMPLICIT_RETAIN_SELF = YES;
				CLANG_WARN_OBJC_LITERAL_CONVERSION = YES;
				CLANG_WARN_OBJC_ROOT_CLASS = YES_ERROR;
				CLANG_WARN_QUOTED_INCLUDE_IN_FRAMEWORK_HEADER = YES;
				CLANG_WARN_RANGE_LOOP_ANALYSIS = YES;
				CLANG_WARN_STRICT_PROTOTYPES = YES;
				CLANG_WARN_SUSPICIOUS_MOVE = YES;
				CLANG_WARN_UNGUARDED_AVAILABILITY = YES_AGGRESSIVE;
				CLANG_WARN_UNREACHABLE_CODE = YES;
				CLANG_WARN__DUPLICATE_METHOD_MATCH = YES;
				COPY_PHASE_STRIP = NO;
				DEBUG_INFORMATION_FORMAT = dwarf;
				ENABLE_STRICT_OBJC_MSGSEND = YES;
				ENABLE_TESTABILITY = YES;
				GCC_C_LANGUAGE_STANDARD = gnu11;
				GCC_DYNAMIC_NO_PIC = NO;
				GCC_NO_COMMON_BLOCKS = YES;
				GCC_OPTIMIZATION_LEVEL = 0;
				GCC_PREPROCESSOR_DEFINITIONS = (
					"DEBUG=1",
					"$(inherited)",
				);
				GCC_WARN_64_TO_32_BIT_CONVERSION = YES;
				GCC_WARN_ABOUT_RETURN_TYPE = YES_ERROR;
				GCC_WARN_UNDECLARED_SELECTOR = YES;
				GCC_WARN_UNINITIALIZED_AUTOS = YES_AGGRESSIVE;
				GCC_WARN_UNUSED_FUNCTION = YES;
				GCC_WARN_UNUSED_VARIABLE = YES;
				IPHONEOS_DEPLOYMENT_TARGET = 16.2;
				MTL_ENABLE_DEBUG_INFO = INCLUDE_SOURCE;
				MTL_FAST_MATH = YES;
				ONLY_ACTIVE_ARCH = YES;
				SDKROOT = iphoneos;
				SWIFT_ACTIVE_COMPILATION_CONDITIONS = DEBUG;
				SWIFT_OPTIMIZATION_LEVEL = "-Onone";
			};
			name = Debug;
		};
		FA36DAAE2954DAC200A0A954 /* Release */ = {
			isa = XCBuildConfiguration;
			buildSettings = {
				ALWAYS_SEARCH_USER_PATHS = NO;
				CLANG_ANALYZER_NONNULL = YES;
				CLANG_ANALYZER_NUMBER_OBJECT_CONVERSION = YES_AGGRESSIVE;
				CLANG_CXX_LANGUAGE_STANDARD = "gnu++20";
				CLANG_ENABLE_MODULES = YES;
				CLANG_ENABLE_OBJC_ARC = YES;
				CLANG_ENABLE_OBJC_WEAK = YES;
				CLANG_WARN_BLOCK_CAPTURE_AUTORELEASING = YES;
				CLANG_WARN_BOOL_CONVERSION = YES;
				CLANG_WARN_COMMA = YES;
				CLANG_WARN_CONSTANT_CONVERSION = YES;
				CLANG_WARN_DEPRECATED_OBJC_IMPLEMENTATIONS = YES;
				CLANG_WARN_DIRECT_OBJC_ISA_USAGE = YES_ERROR;
				CLANG_WARN_DOCUMENTATION_COMMENTS = YES;
				CLANG_WARN_EMPTY_BODY = YES;
				CLANG_WARN_ENUM_CONVERSION = YES;
				CLANG_WARN_INFINITE_RECURSION = YES;
				CLANG_WARN_INT_CONVERSION = YES;
				CLANG_WARN_NON_LITERAL_NULL_CONVERSION = YES;
				CLANG_WARN_OBJC_IMPLICIT_RETAIN_SELF = YES;
				CLANG_WARN_OBJC_LITERAL_CONVERSION = YES;
				CLANG_WARN_OBJC_ROOT_CLASS = YES_ERROR;
				CLANG_WARN_QUOTED_INCLUDE_IN_FRAMEWORK_HEADER = YES;
				CLANG_WARN_RANGE_LOOP_ANALYSIS = YES;
				CLANG_WARN_STRICT_PROTOTYPES = YES;
				CLANG_WARN_SUSPICIOUS_MOVE = YES;
				CLANG_WARN_UNGUARDED_AVAILABILITY = YES_AGGRESSIVE;
				CLANG_WARN_UNREACHABLE_CODE = YES;
				CLANG_WARN__DUPLICATE_METHOD_MATCH = YES;
				COPY_PHASE_STRIP = NO;
				DEBUG_INFORMATION_FORMAT = "dwarf-with-dsym";
				ENABLE_NS_ASSERTIONS = NO;
				ENABLE_STRICT_OBJC_MSGSEND = YES;
				GCC_C_LANGUAGE_STANDARD = gnu11;
				GCC_NO_COMMON_BLOCKS = YES;
				GCC_WARN_64_TO_32_BIT_CONVERSION = YES;
				GCC_WARN_ABOUT_RETURN_TYPE = YES_ERROR;
				GCC_WARN_UNDECLARED_SELECTOR = YES;
				GCC_WARN_UNINITIALIZED_AUTOS = YES_AGGRESSIVE;
				GCC_WARN_UNUSED_FUNCTION = YES;
				GCC_WARN_UNUSED_VARIABLE = YES;
				IPHONEOS_DEPLOYMENT_TARGET = 16.2;
				MTL_ENABLE_DEBUG_INFO = NO;
				MTL_FAST_MATH = YES;
				SDKROOT = iphoneos;
				SWIFT_COMPILATION_MODE = wholemodule;
				SWIFT_OPTIMIZATION_LEVEL = "-O";
				VALIDATE_PRODUCT = YES;
			};
			name = Release;
		};
		FA36DAB02954DAC200A0A954 /* Debug */ = {
			isa = XCBuildConfiguration;
			buildSettings = {
				ASSETCATALOG_COMPILER_APPICON_NAME = AppIcon;
				ASSETCATALOG_COMPILER_GLOBAL_ACCENT_COLOR_NAME = AccentColor;
				CODE_SIGN_STYLE = Automatic;
				CURRENT_PROJECT_VERSION = 1;
				DEVELOPMENT_TEAM = 792G3HW262;
				GENERATE_INFOPLIST_FILE = YES;
				INFOPLIST_FILE = "Jogo da Velha/Info.plist";
				INFOPLIST_KEY_UIApplicationSupportsIndirectInputEvents = YES;
				INFOPLIST_KEY_UILaunchStoryboardName = LaunchScreen;
				INFOPLIST_KEY_UIMainStoryboardFile = Main;
				INFOPLIST_KEY_UISupportedInterfaceOrientations = UIInterfaceOrientationPortrait;
				INFOPLIST_KEY_UISupportedInterfaceOrientations_iPad = "UIInterfaceOrientationLandscapeLeft UIInterfaceOrientationLandscapeRight UIInterfaceOrientationPortrait UIInterfaceOrientationPortraitUpsideDown";
				IPHONEOS_DEPLOYMENT_TARGET = 16.0;
				LD_RUNPATH_SEARCH_PATHS = (
					"$(inherited)",
					"@executable_path/Frameworks",
				);
				MARKETING_VERSION = 1.0;
				PRODUCT_BUNDLE_IDENTIFIER = "caio.Jogo-da-Velha";
				PRODUCT_NAME = "$(TARGET_NAME)";
				SWIFT_EMIT_LOC_STRINGS = YES;
				SWIFT_VERSION = 5.0;
				TARGETED_DEVICE_FAMILY = "1,2";
			};
			name = Debug;
		};
		FA36DAB12954DAC200A0A954 /* Release */ = {
			isa = XCBuildConfiguration;
			buildSettings = {
				ASSETCATALOG_COMPILER_APPICON_NAME = AppIcon;
				ASSETCATALOG_COMPILER_GLOBAL_ACCENT_COLOR_NAME = AccentColor;
				CODE_SIGN_STYLE = Automatic;
				CURRENT_PROJECT_VERSION = 1;
				DEVELOPMENT_TEAM = 792G3HW262;
				GENERATE_INFOPLIST_FILE = YES;
				INFOPLIST_FILE = "Jogo da Velha/Info.plist";
				INFOPLIST_KEY_UIApplicationSupportsIndirectInputEvents = YES;
				INFOPLIST_KEY_UILaunchStoryboardName = LaunchScreen;
				INFOPLIST_KEY_UIMainStoryboardFile = Main;
				INFOPLIST_KEY_UISupportedInterfaceOrientations = UIInterfaceOrientationPortrait;
				INFOPLIST_KEY_UISupportedInterfaceOrientations_iPad = "UIInterfaceOrientationLandscapeLeft UIInterfaceOrientationLandscapeRight UIInterfaceOrientationPortrait UIInterfaceOrientationPortraitUpsideDown";
				IPHONEOS_DEPLOYMENT_TARGET = 16.0;
				LD_RUNPATH_SEARCH_PATHS = (
					"$(inherited)",
					"@executable_path/Frameworks",
				);
				MARKETING_VERSION = 1.0;
				PRODUCT_BUNDLE_IDENTIFIER = "caio.Jogo-da-Velha";
				PRODUCT_NAME = "$(TARGET_NAME)";
				SWIFT_EMIT_LOC_STRINGS = YES;
				SWIFT_VERSION = 5.0;
				TARGETED_DEVICE_FAMILY = "1,2";
			};
			name = Release;
		};
/* End XCBuildConfiguration section */

/* Begin XCConfigurationList section */
		FA36DA932954DABF00A0A954 /* Build configuration list for PBXProject "Jogo da Velha" */ = {
			isa = XCConfigurationList;
			buildConfigurations = (
				FA36DAAD2954DAC200A0A954 /* Debug */,
				FA36DAAE2954DAC200A0A954 /* Release */,
			);
			defaultConfigurationIsVisible = 0;
			defaultConfigurationName = Release;
		};
		FA36DAAF2954DAC200A0A954 /* Build configuration list for PBXNativeTarget "Jogo da Velha" */ = {
			isa = XCConfigurationList;
			buildConfigurations = (
				FA36DAB02954DAC200A0A954 /* Debug */,
				FA36DAB12954DAC200A0A954 /* Release */,
			);
			defaultConfigurationIsVisible = 0;
			defaultConfigurationName = Release;
		};
/* End XCConfigurationList section */

/* Begin XCVersionGroup section */
		FA36DAA42954DABF00A0A954 /* Jogo_da_Velha.xcdatamodeld */ = {
			isa = XCVersionGroup;
			children = (
				FA36DAA52954DABF00A0A954 /* Jogo_da_Velha.xcdatamodel */,
			);
			currentVersion = FA36DAA52954DABF00A0A954 /* Jogo_da_Velha.xcdatamodel */;
			path = Jogo_da_Velha.xcdatamodeld;
			sourceTree = "<group>";
			versionGroupType = wrapper.xcdatamodel;
		};
/* End XCVersionGroup section */
	};
	rootObject = FA36DA902954DABF00A0A954 /* Project object */;
}
